{
  "nodes": {
    "nixpkgs": {
      "locked": {
        "lastModified": 1636656906,
        "narHash": "sha256-3R9CX7v+du1lU2dCNU2JM/vcYNpqvko6Eu1imQ3GoBk=",
        "owner": "NixOS",
        "repo": "nixpkgs",
        "rev": "74bfe6fe0b224753a9f24eed872da9b672d97ca9",
        "type": "github"
      },
      "original": {
        "id": "nixpkgs",
        "type": "indirect"
      }
    },
    "root": {
      "inputs": {
        "nixpkgs": "nixpkgs"
      }
    }
  },
  "root": "root",
  "version": 7
}
