{
  "nodes": {
    "nixpkgs": {
      "locked": {
        "lastModified": 1633402839,
        "narHash": "sha256-KAT+40+l+BKNeJW6AiX4+Q2e7Qw6r+poWbGdAfxgnKc=",
        "owner": "NixOS",
        "repo": "nixpkgs",
        "rev": "561f938ff1bac78fe1fdcee49672ef89d068dee2",
        "type": "github"
      },
      "original": {
        "id": "nixpkgs",
        "type": "indirect"
      }
    },
    "root": {
      "inputs": {
        "nixpkgs": "nixpkgs"
      }
    }
  },
  "root": "root",
  "version": 7
}
