{
  "nodes": {
    "nixpkgs": {
      "locked": {
        "lastModified": 1634838469,
        "narHash": "sha256-noWOCZrUKMt5QvickGQ/6RTq4mBsOHS7ZrNz0XlL+w8=",
        "owner": "NixOS",
        "repo": "nixpkgs",
        "rev": "16a55a22a569041cf9e375f5b17a5619dd5e71b0",
        "type": "github"
      },
      "original": {
        "id": "nixpkgs",
        "type": "indirect"
      }
    },
    "root": {
      "inputs": {
        "nixpkgs": "nixpkgs"
      }
    }
  },
  "root": "root",
  "version": 7
}
